
Microsoft Visual Studio Solution File, Format Version 12.00
# Visual Studio 15
VisualStudioVersion = 15.0.27130.2024
MinimumVisualStudioVersion = 10.0.40219.1
Project("{FAE04EC0-301F-11D3-BF4B-00C04F79EFBC}") = "mytodolist", "mytodolist\mytodolist.csproj", "{7637F65E-758B-4F40-B24B-7AC9D49B7026}"
EndProject
Global
	GlobalSection(SolutionConfigurationPlatforms) = preSolution
		Debug|Any CPU = Debug|Any CPU
		Release|Any CPU = Release|Any CPU
	EndGlobalSection
	GlobalSection(ProjectConfigurationPlatforms) = postSolution
		{7637F65E-758B-4F40-B24B-7AC9D49B7026}.Debug|Any CPU.ActiveCfg = Debug|Any CPU
		{7637F65E-758B-4F40-B24B-7AC9D49B7026}.Debug|Any CPU.Build.0 = Debug|Any CPU
		{7637F65E-758B-4F40-B24B-7AC9D49B7026}.Debug|Any CPU.Deploy.0 = Debug|Any CPU
		{7637F65E-758B-4F40-B24B-7AC9D49B7026}.Release|Any CPU.ActiveCfg = Release|Any CPU
		{7637F65E-758B-4F40-B24B-7AC9D49B7026}.Release|Any CPU.Build.0 = Release|Any CPU
		{7637F65E-758B-4F40-B24B-7AC9D49B7026}.Release|Any CPU.Deploy.0 = Release|Any CPU
	EndGlobalSection
	GlobalSection(SolutionProperties) = preSolution
		HideSolutionNode = FALSE
	EndGlobalSection
	GlobalSection(ExtensibilityGlobals) = postSolution
		SolutionGuid = {A3BCCF94-ED9A-4EEF-81C7-B70AB7BAB5DE}
	EndGlobalSection
EndGlobal
