
Microsoft Visual Studio Solution File, Format Version 12.00
# Visual Studio 15
VisualStudioVersion = 15.0.27130.2024
MinimumVisualStudioVersion = 10.0.40219.1
Project("{FAE04EC0-301F-11D3-BF4B-00C04F79EFBC}") = "MyWeatherApp", "MyWeatherApp\MyWeatherApp.csproj", "{4BE4E83E-6106-455A-98AE-BCE62601C9D9}"
EndProject
Global
	GlobalSection(SolutionConfigurationPlatforms) = preSolution
		Debug|Any CPU = Debug|Any CPU
		Release|Any CPU = Release|Any CPU
	EndGlobalSection
	GlobalSection(ProjectConfigurationPlatforms) = postSolution
		{4BE4E83E-6106-455A-98AE-BCE62601C9D9}.Debug|Any CPU.ActiveCfg = Debug|Any CPU
		{4BE4E83E-6106-455A-98AE-BCE62601C9D9}.Debug|Any CPU.Build.0 = Debug|Any CPU
		{4BE4E83E-6106-455A-98AE-BCE62601C9D9}.Debug|Any CPU.Deploy.0 = Debug|Any CPU
		{4BE4E83E-6106-455A-98AE-BCE62601C9D9}.Release|Any CPU.ActiveCfg = Release|Any CPU
		{4BE4E83E-6106-455A-98AE-BCE62601C9D9}.Release|Any CPU.Build.0 = Release|Any CPU
		{4BE4E83E-6106-455A-98AE-BCE62601C9D9}.Release|Any CPU.Deploy.0 = Release|Any CPU
	EndGlobalSection
	GlobalSection(SolutionProperties) = preSolution
		HideSolutionNode = FALSE
	EndGlobalSection
	GlobalSection(ExtensibilityGlobals) = postSolution
		SolutionGuid = {E95A84CF-94B4-4FFD-830D-1CD8B5B1FEC7}
	EndGlobalSection
EndGlobal
