
Microsoft Visual Studio Solution File, Format Version 12.00
# Visual Studio 15
VisualStudioVersion = 15.0.27130.2024
MinimumVisualStudioVersion = 10.0.40219.1
Project("{FAE04EC0-301F-11D3-BF4B-00C04F79EFBC}") = "todolist", "todolist\todolist.csproj", "{0153F040-0F3C-42F3-BE0B-A6080795425C}"
EndProject
Global
	GlobalSection(SolutionConfigurationPlatforms) = preSolution
		Debug|Any CPU = Debug|Any CPU
		Release|Any CPU = Release|Any CPU
	EndGlobalSection
	GlobalSection(ProjectConfigurationPlatforms) = postSolution
		{0153F040-0F3C-42F3-BE0B-A6080795425C}.Debug|Any CPU.ActiveCfg = Debug|Any CPU
		{0153F040-0F3C-42F3-BE0B-A6080795425C}.Debug|Any CPU.Build.0 = Debug|Any CPU
		{0153F040-0F3C-42F3-BE0B-A6080795425C}.Debug|Any CPU.Deploy.0 = Debug|Any CPU
		{0153F040-0F3C-42F3-BE0B-A6080795425C}.Release|Any CPU.ActiveCfg = Release|Any CPU
		{0153F040-0F3C-42F3-BE0B-A6080795425C}.Release|Any CPU.Build.0 = Release|Any CPU
		{0153F040-0F3C-42F3-BE0B-A6080795425C}.Release|Any CPU.Deploy.0 = Release|Any CPU
	EndGlobalSection
	GlobalSection(SolutionProperties) = preSolution
		HideSolutionNode = FALSE
	EndGlobalSection
	GlobalSection(ExtensibilityGlobals) = postSolution
		SolutionGuid = {DC7D7C52-4C11-42BF-96C1-EB06EF1972AA}
	EndGlobalSection
EndGlobal
